
Microsoft Visual Studio Solution File, Format Version 12.00
# Visual Studio for Mac
Project("{FAE04EC0-301F-11D3-BF4B-00C04F79EFBC}") = "Assembly-CSharp", "Assembly-CSharp.csproj", "{B4CC039E-02A2-A333-6778-C4D0AA41B1BA}"
EndProject
Project("{FAE04EC0-301F-11D3-BF4B-00C04F79EFBC}") = "Assembly-CSharp-Editor", "Assembly-CSharp-Editor.csproj", "{FC152A26-33A1-5D3F-C893-A47C329F7148}"
EndProject
Global
	GlobalSection(SolutionConfigurationPlatforms) = preSolution
		Debug|Any CPU = Debug|Any CPU
		Release|Any CPU = Release|Any CPU
	EndGlobalSection
	GlobalSection(ProjectConfigurationPlatforms) = postSolution
		{B4CC039E-02A2-A333-6778-C4D0AA41B1BA}.Debug|Any CPU.ActiveCfg = Debug|Any CPU
		{B4CC039E-02A2-A333-6778-C4D0AA41B1BA}.Debug|Any CPU.Build.0 = Debug|Any CPU
		{B4CC039E-02A2-A333-6778-C4D0AA41B1BA}.Release|Any CPU.ActiveCfg = Release|Any CPU
		{B4CC039E-02A2-A333-6778-C4D0AA41B1BA}.Release|Any CPU.Build.0 = Release|Any CPU
		{FC152A26-33A1-5D3F-C893-A47C329F7148}.Debug|Any CPU.ActiveCfg = Debug|Any CPU
		{FC152A26-33A1-5D3F-C893-A47C329F7148}.Debug|Any CPU.Build.0 = Debug|Any CPU
		{FC152A26-33A1-5D3F-C893-A47C329F7148}.Release|Any CPU.ActiveCfg = Release|Any CPU
		{FC152A26-33A1-5D3F-C893-A47C329F7148}.Release|Any CPU.Build.0 = Release|Any CPU
	EndGlobalSection
	GlobalSection(SolutionProperties) = preSolution
		HideSolutionNode = FALSE
	EndGlobalSection
EndGlobal
